
Microsoft Visual Studio Solution File, Format Version 12.00
# Visual Studio Version 16
VisualStudioVersion = 16.0.30309.148
MinimumVisualStudioVersion = 10.0.40219.1
Project("{FAE04EC0-301F-11D3-BF4B-00C04F79EFBC}") = "StateCensusAnalyser", "StateCensusAnalyser\StateCensusAnalyser.csproj", "{2DA3549B-A738-423B-9CF0-313E0AE4576F}"
EndProject
Global
	GlobalSection(SolutionConfigurationPlatforms) = preSolution
		Debug|Any CPU = Debug|Any CPU
		Release|Any CPU = Release|Any CPU
	EndGlobalSection
	GlobalSection(ProjectConfigurationPlatforms) = postSolution
		{2DA3549B-A738-423B-9CF0-313E0AE4576F}.Debug|Any CPU.ActiveCfg = Debug|Any CPU
		{2DA3549B-A738-423B-9CF0-313E0AE4576F}.Debug|Any CPU.Build.0 = Debug|Any CPU
		{2DA3549B-A738-423B-9CF0-313E0AE4576F}.Release|Any CPU.ActiveCfg = Release|Any CPU
		{2DA3549B-A738-423B-9CF0-313E0AE4576F}.Release|Any CPU.Build.0 = Release|Any CPU
	EndGlobalSection
	GlobalSection(SolutionProperties) = preSolution
		HideSolutionNode = FALSE
	EndGlobalSection
	GlobalSection(ExtensibilityGlobals) = postSolution
		SolutionGuid = {FD8317B1-591A-4344-9BA2-5FBDC7F44632}
	EndGlobalSection
EndGlobal
